
Microsoft Visual Studio Solution File, Format Version 12.00
# Visual Studio Version 17
VisualStudioVersion = 17.13.35931.197 d17.13
MinimumVisualStudioVersion = 10.0.40219.1
Project("{FAE04EC0-301F-11D3-BF4B-00C04F79EFBC}") = "Boletas_BE", "Boletas_BE\Boletas_BE.csproj", "{DF00341C-FF72-4CED-8F09-8ED8B71E6D62}"
EndProject
Global
	GlobalSection(SolutionConfigurationPlatforms) = preSolution
		Debug|Any CPU = Debug|Any CPU
		Release|Any CPU = Release|Any CPU
	EndGlobalSection
	GlobalSection(ProjectConfigurationPlatforms) = postSolution
		{DF00341C-FF72-4CED-8F09-8ED8B71E6D62}.Debug|Any CPU.ActiveCfg = Debug|Any CPU
		{DF00341C-FF72-4CED-8F09-8ED8B71E6D62}.Debug|Any CPU.Build.0 = Debug|Any CPU
		{DF00341C-FF72-4CED-8F09-8ED8B71E6D62}.Release|Any CPU.ActiveCfg = Release|Any CPU
		{DF00341C-FF72-4CED-8F09-8ED8B71E6D62}.Release|Any CPU.Build.0 = Release|Any CPU
	EndGlobalSection
	GlobalSection(SolutionProperties) = preSolution
		HideSolutionNode = FALSE
	EndGlobalSection
	GlobalSection(ExtensibilityGlobals) = postSolution
		SolutionGuid = {695A88F3-29A4-4CEF-9A11-50167BD65A63}
	EndGlobalSection
EndGlobal
